{
  "nodes": {
    "flake-parts": {
      "inputs": {
        "nixpkgs-lib": "nixpkgs-lib"
      },
      "locked": {
        "lastModified": 1709336216,
        "narHash": "sha256-Dt/wOWeW6Sqm11Yh+2+t0dfEWxoMxGBvv3JpIocFl9E=",
        "owner": "hercules-ci",
        "repo": "flake-parts",
        "rev": "f7b3c975cf067e56e7cda6cb098ebe3fb4d74ca2",
        "type": "github"
      },
      "original": {
        "owner": "hercules-ci",
        "repo": "flake-parts",
        "type": "github"
      }
    },
    "haskell-flake": {
      "locked": {
        "lastModified": 1711286543,
        "narHash": "sha256-0f8EdVV2twBmkZJIb7rMHLtd68c08HPDabODnDInLso=",
        "owner": "srid",
        "repo": "haskell-flake",
        "rev": "dc9061615279313c9c07b7269b4426ed47d5c22e",
        "type": "github"
      },
      "original": {
        "owner": "srid",
        "repo": "haskell-flake",
        "type": "github"
      }
    },
    "nixpkgs": {
      "locked": {
        "lastModified": 1711307772,
        "narHash": "sha256-GLpSqBc/5g/AV4HfbBJ95FnJz4a8owH/UJP8P4BkakY=",
        "owner": "nixos",
        "repo": "nixpkgs",
        "rev": "30392650ee17f4dba3b8ddb6aed194a5cb876b35",
        "type": "github"
      },
      "original": {
        "owner": "nixos",
        "repo": "nixpkgs",
        "type": "github"
      }
    },
    "nixpkgs-lib": {
      "locked": {
        "dir": "lib",
        "lastModified": 1709237383,
        "narHash": "sha256-cy6ArO4k5qTx+l5o+0mL9f5fa86tYUX3ozE1S+Txlds=",
        "owner": "NixOS",
        "repo": "nixpkgs",
        "rev": "1536926ef5621b09bba54035ae2bb6d806d72ac8",
        "type": "github"
      },
      "original": {
        "dir": "lib",
        "owner": "NixOS",
        "ref": "nixos-unstable",
        "repo": "nixpkgs",
        "type": "github"
      }
    },
    "process-compose-flake": {
      "locked": {
        "lastModified": 1708624100,
        "narHash": "sha256-zZPheCD9JGg2EtK4A9BsIdyl8447egOow4fjIfHFHRg=",
        "owner": "Platonic-Systems",
        "repo": "process-compose-flake",
        "rev": "44d260ddba5a51570dee54d5cd4d8984edaf98c2",
        "type": "github"
      },
      "original": {
        "owner": "Platonic-Systems",
        "repo": "process-compose-flake",
        "type": "github"
      }
    },
    "root": {
      "inputs": {
        "flake-parts": "flake-parts",
        "haskell-flake": "haskell-flake",
        "nixpkgs": "nixpkgs",
        "process-compose-flake": "process-compose-flake",
        "services-flake": "services-flake"
      }
    },
    "services-flake": {
      "locked": {
        "lastModified": 1711013668,
        "narHash": "sha256-DZmSOjuyTtMNDzy2iVtSHOSBFSfbPepYgFru+/M7RIk=",
        "owner": "juspay",
        "repo": "services-flake",
        "rev": "f8110887f19bb4c5d369a1061b8f4277306d42d9",
        "type": "github"
      },
      "original": {
        "owner": "juspay",
        "repo": "services-flake",
        "type": "github"
      }
    }
  },
  "root": "root",
  "version": 7
}
