{
  "nodes": {
    "clickhouse": {
      "flake": false,
      "locked": {
        "lastModified": 1762472449,
        "narHash": "sha256-cKf0F19t9Ph2o3dM4X+XrjnDY3KQEJpGGIKlUSs9Ca8=",
        "owner": "ClickHouse",
        "repo": "ClickHouse",
        "rev": "5987364193574d92676a80aad9f1147f0ad5efd2",
        "type": "github"
      },
      "original": {
        "owner": "ClickHouse",
        "repo": "ClickHouse",
        "type": "github"
      }
    },
    "flake-parts": {
      "inputs": {
        "nixpkgs-lib": "nixpkgs-lib"
      },
      "locked": {
        "lastModified": 1756770412,
        "narHash": "sha256-+uWLQZccFHwqpGqr2Yt5VsW/PbeJVTn9Dk6SHWhNRPw=",
        "owner": "hercules-ci",
        "repo": "flake-parts",
        "rev": "4524271976b625a4a605beefd893f270620fd751",
        "type": "github"
      },
      "original": {
        "owner": "hercules-ci",
        "repo": "flake-parts",
        "type": "github"
      }
    },
    "haskell-flake": {
      "locked": {
        "lastModified": 1758588849,
        "narHash": "sha256-52Is8RAkC0moHMoLhCgatU0G+9dHdgboHY55fI04QjA=",
        "owner": "srid",
        "repo": "haskell-flake",
        "rev": "c9782b539b75828df2c150d4b6c4cbe666f01c31",
        "type": "github"
      },
      "original": {
        "owner": "srid",
        "repo": "haskell-flake",
        "type": "github"
      }
    },
    "nixpkgs": {
      "locked": {
        "lastModified": 1758763312,
        "narHash": "sha256-puBMviZhYlqOdUUgEmMVJpXqC/ToEqSvkyZ30qQ09xM=",
        "owner": "nixos",
        "repo": "nixpkgs",
        "rev": "e57b3b16ad8758fd681511a078f35c416a8cc939",
        "type": "github"
      },
      "original": {
        "owner": "nixos",
        "ref": "nixpkgs-unstable",
        "repo": "nixpkgs",
        "type": "github"
      }
    },
    "nixpkgs-lib": {
      "locked": {
        "lastModified": 1754788789,
        "narHash": "sha256-x2rJ+Ovzq0sCMpgfgGaaqgBSwY+LST+WbZ6TytnT9Rk=",
        "owner": "nix-community",
        "repo": "nixpkgs.lib",
        "rev": "a73b9c743612e4244d865a2fdee11865283c04e6",
        "type": "github"
      },
      "original": {
        "owner": "nix-community",
        "repo": "nixpkgs.lib",
        "type": "github"
      }
    },
    "process-compose-flake": {
      "locked": {
        "lastModified": 1758658658,
        "narHash": "sha256-y5GSCqlGe/uZzlocCPZcjc7Gj+mTq7m0P6xPGx88+No=",
        "owner": "Platonic-Systems",
        "repo": "process-compose-flake",
        "rev": "e968a94633788f5d9595d727f41c2baf0714be7b",
        "type": "github"
      },
      "original": {
        "owner": "Platonic-Systems",
        "repo": "process-compose-flake",
        "type": "github"
      }
    },
    "root": {
      "inputs": {
        "clickhouse": "clickhouse",
        "flake-parts": "flake-parts",
        "haskell-flake": "haskell-flake",
        "nixpkgs": "nixpkgs",
        "process-compose-flake": "process-compose-flake",
        "services-flake": "services-flake"
      }
    },
    "services-flake": {
      "locked": {
        "lastModified": 1758483444,
        "narHash": "sha256-ZomYewjCu5DhyrndJ66JFSzSx3BM9Zg1tiNLbyPOwqo=",
        "owner": "juspay",
        "repo": "services-flake",
        "rev": "807ae843a84e3c9cfde796f106e4b127064960de",
        "type": "github"
      },
      "original": {
        "owner": "juspay",
        "repo": "services-flake",
        "type": "github"
      }
    }
  },
  "root": "root",
  "version": 7
}
